Microsoft Visual Studio Solution File, Format Version 12.00
# Visual Studio Version 17
VisualStudioVersion = 17.5.2.0
MinimumVisualStudioVersion = 10.0.40219.1
Project("{FAE04EC0-301F-11D3-BF4B-00C04F79EFBC}") = "MauiReactor.MCP", "MauiReactor.MCP.csproj", "{D0B72383-61A6-5DEA-54D0-536827EC142C}"
EndProject
Global
	GlobalSection(SolutionConfigurationPlatforms) = preSolution
		Debug|Any CPU = Debug|Any CPU
		Release|Any CPU = Release|Any CPU
	EndGlobalSection
	GlobalSection(ProjectConfigurationPlatforms) = postSolution
		{D0B72383-61A6-5DEA-54D0-536827EC142C}.Debug|Any CPU.ActiveCfg = Debug|Any CPU
		{D0B72383-61A6-5DEA-54D0-536827EC142C}.Debug|Any CPU.Build.0 = Debug|Any CPU
		{D0B72383-61A6-5DEA-54D0-536827EC142C}.Release|Any CPU.ActiveCfg = Release|Any CPU
		{D0B72383-61A6-5DEA-54D0-536827EC142C}.Release|Any CPU.Build.0 = Release|Any CPU
	EndGlobalSection
	GlobalSection(SolutionProperties) = preSolution
		HideSolutionNode = FALSE
	EndGlobalSection
	GlobalSection(ExtensibilityGlobals) = postSolution
		SolutionGuid = {EA312B57-9D9B-4C79-9422-D8AA2975E765}
	EndGlobalSection
EndGlobal
