
Microsoft Visual Studio Solution File, Format Version 12.00
# Visual Studio Version 17
VisualStudioVersion = 17.1.32104.313
MinimumVisualStudioVersion = 10.0.40219.1
Project("{9A19103F-16F7-4668-BE54-9A1E7A4F7556}") = "MauiReactor", "MauiReactor\MauiReactor.csproj", "{96ED0DF8-9B7B-42A3-A410-BFCD921EDC54}"
EndProject
Project("{9A19103F-16F7-4668-BE54-9A1E7A4F7556}") = "MauiReactor.Scaffold", "MauiReactor.Scaffold\MauiReactor.Scaffold.csproj", "{EC54E688-EADD-4210-ABA4-C6C17B801DEC}"
EndProject
Project("{9A19103F-16F7-4668-BE54-9A1E7A4F7556}") = "MauiReactor.HotReloadConsole", "MauiReactor.HotReloadConsole\MauiReactor.HotReloadConsole.csproj", "{6CBDDDEC-54BD-4448-811E-1019D0465BC5}"
EndProject
Project("{9A19103F-16F7-4668-BE54-9A1E7A4F7556}") = "MauiReactor.TemplatePack", "MauiReactor.TemplatePack\MauiReactor.TemplatePack.csproj", "{A54BA658-CBC4-4E90-B529-CD8D60716E4F}"
EndProject
Project("{9A19103F-16F7-4668-BE54-9A1E7A4F7556}") = "MauiReactor.Canvas", "MauiReactor.Canvas\MauiReactor.Canvas.csproj", "{02A82F56-4CAE-4253-81CF-8E4AAF39404B}"
EndProject
Project("{9A19103F-16F7-4668-BE54-9A1E7A4F7556}") = "MauiReactor.ScaffoldGenerator", "MauiReactor.ScaffoldGenerator\MauiReactor.ScaffoldGenerator.csproj", "{27DEDCCC-E291-4281-9698-FB40A229F28A}"
EndProject
Global
	GlobalSection(SolutionConfigurationPlatforms) = preSolution
		Debug|Any CPU = Debug|Any CPU
		Release|Any CPU = Release|Any CPU
	EndGlobalSection
	GlobalSection(ProjectConfigurationPlatforms) = postSolution
		{96ED0DF8-9B7B-42A3-A410-BFCD921EDC54}.Debug|Any CPU.ActiveCfg = Debug|Any CPU
		{96ED0DF8-9B7B-42A3-A410-BFCD921EDC54}.Debug|Any CPU.Build.0 = Debug|Any CPU
		{96ED0DF8-9B7B-42A3-A410-BFCD921EDC54}.Release|Any CPU.ActiveCfg = Release|Any CPU
		{96ED0DF8-9B7B-42A3-A410-BFCD921EDC54}.Release|Any CPU.Build.0 = Release|Any CPU
		{EC54E688-EADD-4210-ABA4-C6C17B801DEC}.Debug|Any CPU.ActiveCfg = Debug|Any CPU
		{EC54E688-EADD-4210-ABA4-C6C17B801DEC}.Debug|Any CPU.Build.0 = Debug|Any CPU
		{EC54E688-EADD-4210-ABA4-C6C17B801DEC}.Release|Any CPU.ActiveCfg = Release|Any CPU
		{EC54E688-EADD-4210-ABA4-C6C17B801DEC}.Release|Any CPU.Build.0 = Release|Any CPU
		{6CBDDDEC-54BD-4448-811E-1019D0465BC5}.Debug|Any CPU.ActiveCfg = Debug|Any CPU
		{6CBDDDEC-54BD-4448-811E-1019D0465BC5}.Debug|Any CPU.Build.0 = Debug|Any CPU
		{6CBDDDEC-54BD-4448-811E-1019D0465BC5}.Release|Any CPU.ActiveCfg = Release|Any CPU
		{6CBDDDEC-54BD-4448-811E-1019D0465BC5}.Release|Any CPU.Build.0 = Release|Any CPU
		{A54BA658-CBC4-4E90-B529-CD8D60716E4F}.Debug|Any CPU.ActiveCfg = Debug|Any CPU
		{A54BA658-CBC4-4E90-B529-CD8D60716E4F}.Debug|Any CPU.Build.0 = Debug|Any CPU
		{A54BA658-CBC4-4E90-B529-CD8D60716E4F}.Release|Any CPU.ActiveCfg = Release|Any CPU
		{A54BA658-CBC4-4E90-B529-CD8D60716E4F}.Release|Any CPU.Build.0 = Release|Any CPU
		{02A82F56-4CAE-4253-81CF-8E4AAF39404B}.Debug|Any CPU.ActiveCfg = Debug|Any CPU
		{02A82F56-4CAE-4253-81CF-8E4AAF39404B}.Debug|Any CPU.Build.0 = Debug|Any CPU
		{02A82F56-4CAE-4253-81CF-8E4AAF39404B}.Release|Any CPU.ActiveCfg = Release|Any CPU
		{02A82F56-4CAE-4253-81CF-8E4AAF39404B}.Release|Any CPU.Build.0 = Release|Any CPU
		{27DEDCCC-E291-4281-9698-FB40A229F28A}.Debug|Any CPU.ActiveCfg = Debug|Any CPU
		{27DEDCCC-E291-4281-9698-FB40A229F28A}.Debug|Any CPU.Build.0 = Debug|Any CPU
		{27DEDCCC-E291-4281-9698-FB40A229F28A}.Release|Any CPU.ActiveCfg = Release|Any CPU
		{27DEDCCC-E291-4281-9698-FB40A229F28A}.Release|Any CPU.Build.0 = Release|Any CPU
	EndGlobalSection
	GlobalSection(SolutionProperties) = preSolution
		HideSolutionNode = FALSE
	EndGlobalSection
	GlobalSection(ExtensibilityGlobals) = postSolution
		SolutionGuid = {52AD377B-6F53-46B0-A934-D9607EF7A143}
	EndGlobalSection
EndGlobal
