
Microsoft Visual Studio Solution File, Format Version 12.00
# Visual Studio Version 17
VisualStudioVersion = 17.1.32104.313
MinimumVisualStudioVersion = 10.0.40219.1
Project("{9A19103F-16F7-4668-BE54-9A1E7A4F7556}") = "MauiReactor", "MauiReactor\MauiReactor.csproj", "{96ED0DF8-9B7B-42A3-A410-BFCD921EDC54}"
EndProject
Project("{9A19103F-16F7-4668-BE54-9A1E7A4F7556}") = "MauiReactor.TestApp", "..\samples\MauiReactor.TestApp\MauiReactor.TestApp.csproj", "{67CE0554-D905-4F82-BCD2-A4BD497D5F65}"
EndProject
Project("{9A19103F-16F7-4668-BE54-9A1E7A4F7556}") = "MauiReactor.Scaffold", "MauiReactor.Scaffold\MauiReactor.Scaffold.csproj", "{EC54E688-EADD-4210-ABA4-C6C17B801DEC}"
EndProject
Project("{9A19103F-16F7-4668-BE54-9A1E7A4F7556}") = "MauiReactor.HotReloadConsole", "MauiReactor.HotReloadConsole\MauiReactor.HotReloadConsole.csproj", "{6CBDDDEC-54BD-4448-811E-1019D0465BC5}"
EndProject
Project("{9A19103F-16F7-4668-BE54-9A1E7A4F7556}") = "MauiReactor.WeatherTwentyOne", "..\samples\MauiReactor.WeatherTwentyOne\MauiReactor.WeatherTwentyOne.csproj", "{4E6CC507-A889-4B36-AB7B-156B3CCE54BE}"
EndProject
Project("{2150E333-8FDC-42A3-9474-1A3956D46DE8}") = "Samples", "Samples", "{FF33D69E-8D8E-4604-9800-EEF2EE776B35}"
EndProject
Project("{9A19103F-16F7-4668-BE54-9A1E7A4F7556}") = "SlidingPuzzle", "..\samples\SlidingPuzzle\SlidingPuzzle.csproj", "{369BD6EE-E28D-40A8-BB1C-439C6DACDC61}"
EndProject
Project("{9A19103F-16F7-4668-BE54-9A1E7A4F7556}") = "MauiReactor.TemplatePack", "MauiReactor.TemplatePack\MauiReactor.TemplatePack.csproj", "{026C69FE-124E-4059-8E63-5DABE2F338C4}"
EndProject
Project("{9A19103F-16F7-4668-BE54-9A1E7A4F7556}") = "MauiReactor.Calendar", "..\samples\MauiReactor.Calendar\MauiReactor.Calendar.csproj", "{DFBB99F9-B208-45A0-93E0-E503D514359D}"
EndProject
Project("{9A19103F-16F7-4668-BE54-9A1E7A4F7556}") = "MauiReactor.Canvas", "MauiReactor.Canvas\MauiReactor.Canvas.csproj", "{1935AAE3-18F7-4940-948D-603346D23F9A}"
EndProject
Project("{9A19103F-16F7-4668-BE54-9A1E7A4F7556}") = "Contentics", "..\samples\Contentics\Contentics.csproj", "{A0E69801-39B2-4776-B32E-7030BD9CEE30}"
EndProject
Project("{9A19103F-16F7-4668-BE54-9A1E7A4F7556}") = "Calculator", "..\samples\Calculator\Calculator.csproj", "{A28B7230-BFE6-4F71-B7D4-DB90059623AA}"
EndProject
Project("{9A19103F-16F7-4668-BE54-9A1E7A4F7556}") = "MauiReactor.ScaffoldGenerator", "MauiReactor.ScaffoldGenerator\MauiReactor.ScaffoldGenerator.csproj", "{F887FB22-EC3C-430A-B202-E7FF9E38E31A}"
EndProject
Project("{9A19103F-16F7-4668-BE54-9A1E7A4F7556}") = "ChartApp", "..\samples\ChartApp\ChartApp.csproj", "{EB3CC953-7952-4209-B3F3-85E7D4BC680C}"
EndProject
Project("{9A19103F-16F7-4668-BE54-9A1E7A4F7556}") = "MauiReactor.Maps", "MauiReactor.Maps\MauiReactor.Maps.csproj", "{C34442B7-D43D-4DE3-8D70-B1EB73740EF0}"
EndProject
Project("{9A19103F-16F7-4668-BE54-9A1E7A4F7556}") = "MauiReactor.MapsDemo", "..\samples\MauiReactor.MapsDemo\MauiReactor.MapsDemo.csproj", "{9EC4D331-8E78-4BE5-9C2D-3B90F4E11CBC}"
EndProject
Project("{9A19103F-16F7-4668-BE54-9A1E7A4F7556}") = "MauiReactor.FigmaPlugin", "MauiReactor.FigmaPlugin\MauiReactor.FigmaPlugin.csproj", "{9E293497-7673-42D4-9614-42018A699279}"
EndProject
Project("{9A19103F-16F7-4668-BE54-9A1E7A4F7556}") = "MauiReactor.FigmaPlugin.Services", "MauiReactor.FigmaPlugin.Services\MauiReactor.FigmaPlugin.Services.csproj", "{EB3BBFF0-1C41-4CE8-B815-319B905FF510}"
EndProject
Project("{9A19103F-16F7-4668-BE54-9A1E7A4F7556}") = "UnitTests", "..\samples\UnitTests\UnitTests.csproj", "{FD0AB582-675C-4309-A512-DDCBC1D85909}"
EndProject
Project("{9A19103F-16F7-4668-BE54-9A1E7A4F7556}") = "MauiReactor.TestAppWindow", "..\samples\MauiReactor.TestAppWindow\MauiReactor.TestAppWindow.csproj", "{7F5FF62C-6D0C-4B6B-AACB-2B8E773448C0}"
EndProject
Project("{9A19103F-16F7-4668-BE54-9A1E7A4F7556}") = "IntegrationTest", "..\samples\IntegrationTest\IntegrationTest.csproj", "{ADF0270D-89D6-400C-9E7C-2E29BA87A170}"
EndProject
Project("{9A19103F-16F7-4668-BE54-9A1E7A4F7556}") = "MauiReactor.Blazor", "MauiReactor.Blazor\MauiReactor.Blazor.csproj", "{87787AD6-4677-41B4-B606-BB831AB2462B}"
EndProject
Project("{9A19103F-16F7-4668-BE54-9A1E7A4F7556}") = "MauiReactor.Blazor.TestApp", "MauiReactor.Blazor.TestApp\MauiReactor.Blazor.TestApp.csproj", "{9E8B860C-9F63-467C-990C-DE9FE701BAC1}"
EndProject
Project("{2150E333-8FDC-42A3-9474-1A3956D46DE8}") = "Solution Items", "Solution Items", "{D977CDC1-8AE2-4690-B9D6-49ED8511D470}"
	ProjectSection(SolutionItems) = preProject
		..\.github\workflows\build-deploy.yml = ..\.github\workflows\build-deploy.yml
	EndProjectSection
EndProject
Project("{2150E333-8FDC-42A3-9474-1A3956D46DE8}") = "Templates", "Templates", "{02EA681E-C7D8-13C7-8484-4AC65E1B71E8}"
EndProject
Project("{FAE04EC0-301F-11D3-BF4B-00C04F79EFBC}") = "MauiReactorTemplate.Startup", "..\templates\MauiReactorTemplate.Startup\MauiReactorTemplate.Startup.csproj", "{050BF448-18E6-4FC0-B23F-0254E58F9D12}"
EndProject
Project("{FAE04EC0-301F-11D3-BF4B-00C04F79EFBC}") = "MauiReactorTemplate.StartupXaml", "..\templates\MauiReactorTemplate.StartupXaml\MauiReactorTemplate.StartupXaml.csproj", "{4150DAE6-3A9D-48F9-9EAE-62AE7C0B279C}"
EndProject
Global
	GlobalSection(SolutionConfigurationPlatforms) = preSolution
		Debug|Any CPU = Debug|Any CPU
		Release|Any CPU = Release|Any CPU
	EndGlobalSection
	GlobalSection(ProjectConfigurationPlatforms) = postSolution
		{96ED0DF8-9B7B-42A3-A410-BFCD921EDC54}.Debug|Any CPU.ActiveCfg = Debug|Any CPU
		{96ED0DF8-9B7B-42A3-A410-BFCD921EDC54}.Debug|Any CPU.Build.0 = Debug|Any CPU
		{96ED0DF8-9B7B-42A3-A410-BFCD921EDC54}.Release|Any CPU.ActiveCfg = Release|Any CPU
		{96ED0DF8-9B7B-42A3-A410-BFCD921EDC54}.Release|Any CPU.Build.0 = Release|Any CPU
		{67CE0554-D905-4F82-BCD2-A4BD497D5F65}.Debug|Any CPU.ActiveCfg = Debug|Any CPU
		{67CE0554-D905-4F82-BCD2-A4BD497D5F65}.Debug|Any CPU.Build.0 = Debug|Any CPU
		{67CE0554-D905-4F82-BCD2-A4BD497D5F65}.Debug|Any CPU.Deploy.0 = Debug|Any CPU
		{67CE0554-D905-4F82-BCD2-A4BD497D5F65}.Release|Any CPU.ActiveCfg = Release|Any CPU
		{67CE0554-D905-4F82-BCD2-A4BD497D5F65}.Release|Any CPU.Build.0 = Release|Any CPU
		{67CE0554-D905-4F82-BCD2-A4BD497D5F65}.Release|Any CPU.Deploy.0 = Release|Any CPU
		{EC54E688-EADD-4210-ABA4-C6C17B801DEC}.Debug|Any CPU.ActiveCfg = Debug|Any CPU
		{EC54E688-EADD-4210-ABA4-C6C17B801DEC}.Debug|Any CPU.Build.0 = Debug|Any CPU
		{EC54E688-EADD-4210-ABA4-C6C17B801DEC}.Release|Any CPU.ActiveCfg = Release|Any CPU
		{EC54E688-EADD-4210-ABA4-C6C17B801DEC}.Release|Any CPU.Build.0 = Release|Any CPU
		{6CBDDDEC-54BD-4448-811E-1019D0465BC5}.Debug|Any CPU.ActiveCfg = Debug|Any CPU
		{6CBDDDEC-54BD-4448-811E-1019D0465BC5}.Debug|Any CPU.Build.0 = Debug|Any CPU
		{6CBDDDEC-54BD-4448-811E-1019D0465BC5}.Release|Any CPU.ActiveCfg = Release|Any CPU
		{6CBDDDEC-54BD-4448-811E-1019D0465BC5}.Release|Any CPU.Build.0 = Release|Any CPU
		{4E6CC507-A889-4B36-AB7B-156B3CCE54BE}.Debug|Any CPU.ActiveCfg = Debug|Any CPU
		{4E6CC507-A889-4B36-AB7B-156B3CCE54BE}.Debug|Any CPU.Build.0 = Debug|Any CPU
		{4E6CC507-A889-4B36-AB7B-156B3CCE54BE}.Debug|Any CPU.Deploy.0 = Debug|Any CPU
		{4E6CC507-A889-4B36-AB7B-156B3CCE54BE}.Release|Any CPU.ActiveCfg = Release|Any CPU
		{4E6CC507-A889-4B36-AB7B-156B3CCE54BE}.Release|Any CPU.Build.0 = Release|Any CPU
		{4E6CC507-A889-4B36-AB7B-156B3CCE54BE}.Release|Any CPU.Deploy.0 = Release|Any CPU
		{369BD6EE-E28D-40A8-BB1C-439C6DACDC61}.Debug|Any CPU.ActiveCfg = Debug|Any CPU
		{369BD6EE-E28D-40A8-BB1C-439C6DACDC61}.Debug|Any CPU.Build.0 = Debug|Any CPU
		{369BD6EE-E28D-40A8-BB1C-439C6DACDC61}.Debug|Any CPU.Deploy.0 = Debug|Any CPU
		{369BD6EE-E28D-40A8-BB1C-439C6DACDC61}.Release|Any CPU.ActiveCfg = Release|Any CPU
		{369BD6EE-E28D-40A8-BB1C-439C6DACDC61}.Release|Any CPU.Build.0 = Release|Any CPU
		{369BD6EE-E28D-40A8-BB1C-439C6DACDC61}.Release|Any CPU.Deploy.0 = Release|Any CPU
		{026C69FE-124E-4059-8E63-5DABE2F338C4}.Debug|Any CPU.ActiveCfg = Debug|Any CPU
		{026C69FE-124E-4059-8E63-5DABE2F338C4}.Debug|Any CPU.Build.0 = Debug|Any CPU
		{026C69FE-124E-4059-8E63-5DABE2F338C4}.Release|Any CPU.ActiveCfg = Release|Any CPU
		{026C69FE-124E-4059-8E63-5DABE2F338C4}.Release|Any CPU.Build.0 = Release|Any CPU
		{DFBB99F9-B208-45A0-93E0-E503D514359D}.Debug|Any CPU.ActiveCfg = Debug|Any CPU
		{DFBB99F9-B208-45A0-93E0-E503D514359D}.Debug|Any CPU.Build.0 = Debug|Any CPU
		{DFBB99F9-B208-45A0-93E0-E503D514359D}.Debug|Any CPU.Deploy.0 = Debug|Any CPU
		{DFBB99F9-B208-45A0-93E0-E503D514359D}.Release|Any CPU.ActiveCfg = Release|Any CPU
		{DFBB99F9-B208-45A0-93E0-E503D514359D}.Release|Any CPU.Build.0 = Release|Any CPU
		{DFBB99F9-B208-45A0-93E0-E503D514359D}.Release|Any CPU.Deploy.0 = Release|Any CPU
		{1935AAE3-18F7-4940-948D-603346D23F9A}.Debug|Any CPU.ActiveCfg = Debug|Any CPU
		{1935AAE3-18F7-4940-948D-603346D23F9A}.Debug|Any CPU.Build.0 = Debug|Any CPU
		{1935AAE3-18F7-4940-948D-603346D23F9A}.Release|Any CPU.ActiveCfg = Release|Any CPU
		{1935AAE3-18F7-4940-948D-603346D23F9A}.Release|Any CPU.Build.0 = Release|Any CPU
		{A0E69801-39B2-4776-B32E-7030BD9CEE30}.Debug|Any CPU.ActiveCfg = Debug|Any CPU
		{A0E69801-39B2-4776-B32E-7030BD9CEE30}.Debug|Any CPU.Build.0 = Debug|Any CPU
		{A0E69801-39B2-4776-B32E-7030BD9CEE30}.Debug|Any CPU.Deploy.0 = Debug|Any CPU
		{A0E69801-39B2-4776-B32E-7030BD9CEE30}.Release|Any CPU.ActiveCfg = Release|Any CPU
		{A0E69801-39B2-4776-B32E-7030BD9CEE30}.Release|Any CPU.Build.0 = Release|Any CPU
		{A0E69801-39B2-4776-B32E-7030BD9CEE30}.Release|Any CPU.Deploy.0 = Release|Any CPU
		{A28B7230-BFE6-4F71-B7D4-DB90059623AA}.Debug|Any CPU.ActiveCfg = Debug|Any CPU
		{A28B7230-BFE6-4F71-B7D4-DB90059623AA}.Debug|Any CPU.Build.0 = Debug|Any CPU
		{A28B7230-BFE6-4F71-B7D4-DB90059623AA}.Debug|Any CPU.Deploy.0 = Debug|Any CPU
		{A28B7230-BFE6-4F71-B7D4-DB90059623AA}.Release|Any CPU.ActiveCfg = Release|Any CPU
		{A28B7230-BFE6-4F71-B7D4-DB90059623AA}.Release|Any CPU.Build.0 = Release|Any CPU
		{A28B7230-BFE6-4F71-B7D4-DB90059623AA}.Release|Any CPU.Deploy.0 = Release|Any CPU
		{F887FB22-EC3C-430A-B202-E7FF9E38E31A}.Debug|Any CPU.ActiveCfg = Debug|Any CPU
		{F887FB22-EC3C-430A-B202-E7FF9E38E31A}.Debug|Any CPU.Build.0 = Debug|Any CPU
		{F887FB22-EC3C-430A-B202-E7FF9E38E31A}.Release|Any CPU.ActiveCfg = Release|Any CPU
		{F887FB22-EC3C-430A-B202-E7FF9E38E31A}.Release|Any CPU.Build.0 = Release|Any CPU
		{EB3CC953-7952-4209-B3F3-85E7D4BC680C}.Debug|Any CPU.ActiveCfg = Debug|Any CPU
		{EB3CC953-7952-4209-B3F3-85E7D4BC680C}.Debug|Any CPU.Build.0 = Debug|Any CPU
		{EB3CC953-7952-4209-B3F3-85E7D4BC680C}.Release|Any CPU.ActiveCfg = Release|Any CPU
		{EB3CC953-7952-4209-B3F3-85E7D4BC680C}.Release|Any CPU.Build.0 = Release|Any CPU
		{C34442B7-D43D-4DE3-8D70-B1EB73740EF0}.Debug|Any CPU.ActiveCfg = Debug|Any CPU
		{C34442B7-D43D-4DE3-8D70-B1EB73740EF0}.Debug|Any CPU.Build.0 = Debug|Any CPU
		{C34442B7-D43D-4DE3-8D70-B1EB73740EF0}.Release|Any CPU.ActiveCfg = Release|Any CPU
		{C34442B7-D43D-4DE3-8D70-B1EB73740EF0}.Release|Any CPU.Build.0 = Release|Any CPU
		{9EC4D331-8E78-4BE5-9C2D-3B90F4E11CBC}.Debug|Any CPU.ActiveCfg = Debug|Any CPU
		{9EC4D331-8E78-4BE5-9C2D-3B90F4E11CBC}.Debug|Any CPU.Build.0 = Debug|Any CPU
		{9EC4D331-8E78-4BE5-9C2D-3B90F4E11CBC}.Debug|Any CPU.Deploy.0 = Debug|Any CPU
		{9EC4D331-8E78-4BE5-9C2D-3B90F4E11CBC}.Release|Any CPU.ActiveCfg = Release|Any CPU
		{9EC4D331-8E78-4BE5-9C2D-3B90F4E11CBC}.Release|Any CPU.Build.0 = Release|Any CPU
		{9EC4D331-8E78-4BE5-9C2D-3B90F4E11CBC}.Release|Any CPU.Deploy.0 = Release|Any CPU
		{9E293497-7673-42D4-9614-42018A699279}.Debug|Any CPU.ActiveCfg = Debug|Any CPU
		{9E293497-7673-42D4-9614-42018A699279}.Debug|Any CPU.Build.0 = Debug|Any CPU
		{9E293497-7673-42D4-9614-42018A699279}.Debug|Any CPU.Deploy.0 = Debug|Any CPU
		{9E293497-7673-42D4-9614-42018A699279}.Release|Any CPU.ActiveCfg = Release|Any CPU
		{9E293497-7673-42D4-9614-42018A699279}.Release|Any CPU.Build.0 = Release|Any CPU
		{9E293497-7673-42D4-9614-42018A699279}.Release|Any CPU.Deploy.0 = Release|Any CPU
		{EB3BBFF0-1C41-4CE8-B815-319B905FF510}.Debug|Any CPU.ActiveCfg = Debug|Any CPU
		{EB3BBFF0-1C41-4CE8-B815-319B905FF510}.Debug|Any CPU.Build.0 = Debug|Any CPU
		{EB3BBFF0-1C41-4CE8-B815-319B905FF510}.Release|Any CPU.ActiveCfg = Release|Any CPU
		{EB3BBFF0-1C41-4CE8-B815-319B905FF510}.Release|Any CPU.Build.0 = Release|Any CPU
		{FD0AB582-675C-4309-A512-DDCBC1D85909}.Debug|Any CPU.ActiveCfg = Debug|Any CPU
		{FD0AB582-675C-4309-A512-DDCBC1D85909}.Debug|Any CPU.Build.0 = Debug|Any CPU
		{FD0AB582-675C-4309-A512-DDCBC1D85909}.Release|Any CPU.ActiveCfg = Release|Any CPU
		{FD0AB582-675C-4309-A512-DDCBC1D85909}.Release|Any CPU.Build.0 = Release|Any CPU
		{7F5FF62C-6D0C-4B6B-AACB-2B8E773448C0}.Debug|Any CPU.ActiveCfg = Debug|Any CPU
		{7F5FF62C-6D0C-4B6B-AACB-2B8E773448C0}.Debug|Any CPU.Build.0 = Debug|Any CPU
		{7F5FF62C-6D0C-4B6B-AACB-2B8E773448C0}.Debug|Any CPU.Deploy.0 = Debug|Any CPU
		{7F5FF62C-6D0C-4B6B-AACB-2B8E773448C0}.Release|Any CPU.ActiveCfg = Release|Any CPU
		{7F5FF62C-6D0C-4B6B-AACB-2B8E773448C0}.Release|Any CPU.Build.0 = Release|Any CPU
		{7F5FF62C-6D0C-4B6B-AACB-2B8E773448C0}.Release|Any CPU.Deploy.0 = Release|Any CPU
		{ADF0270D-89D6-400C-9E7C-2E29BA87A170}.Debug|Any CPU.ActiveCfg = Debug|Any CPU
		{ADF0270D-89D6-400C-9E7C-2E29BA87A170}.Debug|Any CPU.Build.0 = Debug|Any CPU
		{ADF0270D-89D6-400C-9E7C-2E29BA87A170}.Debug|Any CPU.Deploy.0 = Debug|Any CPU
		{ADF0270D-89D6-400C-9E7C-2E29BA87A170}.Release|Any CPU.ActiveCfg = Release|Any CPU
		{ADF0270D-89D6-400C-9E7C-2E29BA87A170}.Release|Any CPU.Build.0 = Release|Any CPU
		{ADF0270D-89D6-400C-9E7C-2E29BA87A170}.Release|Any CPU.Deploy.0 = Release|Any CPU
		{87787AD6-4677-41B4-B606-BB831AB2462B}.Debug|Any CPU.ActiveCfg = Debug|Any CPU
		{87787AD6-4677-41B4-B606-BB831AB2462B}.Debug|Any CPU.Build.0 = Debug|Any CPU
		{87787AD6-4677-41B4-B606-BB831AB2462B}.Release|Any CPU.ActiveCfg = Release|Any CPU
		{87787AD6-4677-41B4-B606-BB831AB2462B}.Release|Any CPU.Build.0 = Release|Any CPU
		{9E8B860C-9F63-467C-990C-DE9FE701BAC1}.Debug|Any CPU.ActiveCfg = Debug|Any CPU
		{9E8B860C-9F63-467C-990C-DE9FE701BAC1}.Debug|Any CPU.Build.0 = Debug|Any CPU
		{9E8B860C-9F63-467C-990C-DE9FE701BAC1}.Debug|Any CPU.Deploy.0 = Debug|Any CPU
		{9E8B860C-9F63-467C-990C-DE9FE701BAC1}.Release|Any CPU.ActiveCfg = Release|Any CPU
		{9E8B860C-9F63-467C-990C-DE9FE701BAC1}.Release|Any CPU.Build.0 = Release|Any CPU
		{9E8B860C-9F63-467C-990C-DE9FE701BAC1}.Release|Any CPU.Deploy.0 = Release|Any CPU
		{050BF448-18E6-4FC0-B23F-0254E58F9D12}.Debug|Any CPU.ActiveCfg = Debug|Any CPU
		{050BF448-18E6-4FC0-B23F-0254E58F9D12}.Debug|Any CPU.Build.0 = Debug|Any CPU
		{050BF448-18E6-4FC0-B23F-0254E58F9D12}.Debug|Any CPU.Deploy.0 = Debug|Any CPU
		{050BF448-18E6-4FC0-B23F-0254E58F9D12}.Release|Any CPU.ActiveCfg = Release|Any CPU
		{050BF448-18E6-4FC0-B23F-0254E58F9D12}.Release|Any CPU.Build.0 = Release|Any CPU
		{4150DAE6-3A9D-48F9-9EAE-62AE7C0B279C}.Debug|Any CPU.ActiveCfg = Debug|Any CPU
		{4150DAE6-3A9D-48F9-9EAE-62AE7C0B279C}.Debug|Any CPU.Build.0 = Debug|Any CPU
		{4150DAE6-3A9D-48F9-9EAE-62AE7C0B279C}.Release|Any CPU.ActiveCfg = Release|Any CPU
		{4150DAE6-3A9D-48F9-9EAE-62AE7C0B279C}.Release|Any CPU.Build.0 = Release|Any CPU
	EndGlobalSection
	GlobalSection(SolutionProperties) = preSolution
		HideSolutionNode = FALSE
	EndGlobalSection
	GlobalSection(NestedProjects) = preSolution
		{67CE0554-D905-4F82-BCD2-A4BD497D5F65} = {FF33D69E-8D8E-4604-9800-EEF2EE776B35}
		{4E6CC507-A889-4B36-AB7B-156B3CCE54BE} = {FF33D69E-8D8E-4604-9800-EEF2EE776B35}
		{369BD6EE-E28D-40A8-BB1C-439C6DACDC61} = {FF33D69E-8D8E-4604-9800-EEF2EE776B35}
		{DFBB99F9-B208-45A0-93E0-E503D514359D} = {FF33D69E-8D8E-4604-9800-EEF2EE776B35}
		{A0E69801-39B2-4776-B32E-7030BD9CEE30} = {FF33D69E-8D8E-4604-9800-EEF2EE776B35}
		{A28B7230-BFE6-4F71-B7D4-DB90059623AA} = {FF33D69E-8D8E-4604-9800-EEF2EE776B35}
		{EB3CC953-7952-4209-B3F3-85E7D4BC680C} = {FF33D69E-8D8E-4604-9800-EEF2EE776B35}
		{9EC4D331-8E78-4BE5-9C2D-3B90F4E11CBC} = {FF33D69E-8D8E-4604-9800-EEF2EE776B35}
		{FD0AB582-675C-4309-A512-DDCBC1D85909} = {FF33D69E-8D8E-4604-9800-EEF2EE776B35}
		{7F5FF62C-6D0C-4B6B-AACB-2B8E773448C0} = {FF33D69E-8D8E-4604-9800-EEF2EE776B35}
		{ADF0270D-89D6-400C-9E7C-2E29BA87A170} = {FF33D69E-8D8E-4604-9800-EEF2EE776B35}
		{050BF448-18E6-4FC0-B23F-0254E58F9D12} = {02EA681E-C7D8-13C7-8484-4AC65E1B71E8}
		{4150DAE6-3A9D-48F9-9EAE-62AE7C0B279C} = {02EA681E-C7D8-13C7-8484-4AC65E1B71E8}
	EndGlobalSection
	GlobalSection(ExtensibilityGlobals) = postSolution
		SolutionGuid = {52AD377B-6F53-46B0-A934-D9607EF7A143}
	EndGlobalSection
EndGlobal
